// !$*UTF8*$!
{
	archiveVersion = 1;
	classes = {
	};
	objectVersion = 55;
	objects = {

/* Begin PBXBuildFile section */
		F318D957271A92AD006FF8DB /* AppDelegate.swift in Sources */ = {isa = PBXBuildFile; fileRef = F318D956271A92AD006FF8DB /* AppDelegate.swift */; };
		F318D959271A92AD006FF8DB /* SceneDelegate.swift in Sources */ = {isa = PBXBuildFile; fileRef = F318D958271A92AD006FF8DB /* SceneDelegate.swift */; };
		F318D95B271A92AD006FF8DB /* ViewController.swift in Sources */ = {isa = PBXBuildFile; fileRef = F318D95A271A92AD006FF8DB /* ViewController.swift */; };
		F318D95E271A92AD006FF8DB /* Main.storyboard in Resources */ = {isa = PBXBuildFile; fileRef = F318D95C271A92AD006FF8DB /* Main.storyboard */; };
		F318D960271A92AE006FF8DB /* Assets.xcassets in Resources */ = {isa = PBXBuildFile; fileRef = F318D95F271A92AE006FF8DB /* Assets.xcassets */; };
		F318D963271A92AE006FF8DB /* LaunchScreen.storyboard in Resources */ = {isa = PBXBuildFile; fileRef = F318D961271A92AE006FF8DB /* LaunchScreen.storyboard */; };
		F318D96C271A93A6006FF8DB /* PostTableViewCell.swift in Sources */ = {isa = PBXBuildFile; fileRef = F318D96A271A93A6006FF8DB /* PostTableViewCell.swift */; };
		F318D96D271A93A6006FF8DB /* PostTableViewCell.xib in Resources */ = {isa = PBXBuildFile; fileRef = F318D96B271A93A6006FF8DB /* PostTableViewCell.xib */; };
		F318D96F271A97F4006FF8DB /* Post.swift in Sources */ = {isa = PBXBuildFile; fileRef = F318D96E271A97F4006FF8DB /* Post.swift */; };
		F318D971271AA842006FF8DB /* User.swift in Sources */ = {isa = PBXBuildFile; fileRef = F318D970271AA842006FF8DB /* User.swift */; };
		F3219FC5271BC20C0046C433 /* PostDetailViewController.swift in Sources */ = {isa = PBXBuildFile; fileRef = F3219FC4271BC20C0046C433 /* PostDetailViewController.swift */; };
		F3219FC7271BC2230046C433 /* PostDetail.storyboard in Resources */ = {isa = PBXBuildFile; fileRef = F3219FC6271BC2230046C433 /* PostDetail.storyboard */; };
		F3219FC9271BD2610046C433 /* Comment.swift in Sources */ = {isa = PBXBuildFile; fileRef = F3219FC8271BD2610046C433 /* Comment.swift */; };
		F3219FCC271BD49B0046C433 /* CommentTableViewCell.swift in Sources */ = {isa = PBXBuildFile; fileRef = F3219FCA271BD49B0046C433 /* CommentTableViewCell.swift */; };
		F3219FCD271BD49B0046C433 /* CommentTableViewCell.xib in Resources */ = {isa = PBXBuildFile; fileRef = F3219FCB271BD49B0046C433 /* CommentTableViewCell.xib */; };
/* End PBXBuildFile section */

/* Begin PBXFileReference section */
		F318D953271A92AD006FF8DB /* iPost.app */ = {isa = PBXFileReference; explicitFileType = wrapper.application; includeInIndex = 0; path = iPost.app; sourceTree = BUILT_PRODUCTS_DIR; };
		F318D956271A92AD006FF8DB /* AppDelegate.swift */ = {isa = PBXFileReference; lastKnownFileType = sourcecode.swift; path = AppDelegate.swift; sourceTree = "<group>"; };
		F318D958271A92AD006FF8DB /* SceneDelegate.swift */ = {isa = PBXFileReference; lastKnownFileType = sourcecode.swift; path = SceneDelegate.swift; sourceTree = "<group>"; };
		F318D95A271A92AD006FF8DB /* ViewController.swift */ = {isa = PBXFileReference; lastKnownFileType = sourcecode.swift; path = ViewController.swift; sourceTree = "<group>"; };
		F318D95D271A92AD006FF8DB /* Base */ = {isa = PBXFileReference; lastKnownFileType = file.storyboard; name = Base; path = Base.lproj/Main.storyboard; sourceTree = "<group>"; };
		F318D95F271A92AE006FF8DB /* Assets.xcassets */ = {isa = PBXFileReference; lastKnownFileType = folder.assetcatalog; path = Assets.xcassets; sourceTree = "<group>"; };
		F318D962271A92AE006FF8DB /* Base */ = {isa = PBXFileReference; lastKnownFileType = file.storyboard; name = Base; path = Base.lproj/LaunchScreen.storyboard; sourceTree = "<group>"; };
		F318D964271A92AE006FF8DB /* Info.plist */ = {isa = PBXFileReference; lastKnownFileType = text.plist.xml; path = Info.plist; sourceTree = "<group>"; };
		F318D96A271A93A6006FF8DB /* PostTableViewCell.swift */ = {isa = PBXFileReference; lastKnownFileType = sourcecode.swift; path = PostTableViewCell.swift; sourceTree = "<group>"; };
		F318D96B271A93A6006FF8DB /* PostTableViewCell.xib */ = {isa = PBXFileReference; lastKnownFileType = file.xib; path = PostTableViewCell.xib; sourceTree = "<group>"; };
		F318D96E271A97F4006FF8DB /* Post.swift */ = {isa = PBXFileReference; lastKnownFileType = sourcecode.swift; path = Post.swift; sourceTree = "<group>"; };
		F318D970271AA842006FF8DB /* User.swift */ = {isa = PBXFileReference; lastKnownFileType = sourcecode.swift; path = User.swift; sourceTree = "<group>"; };
		F3219FC4271BC20C0046C433 /* PostDetailViewController.swift */ = {isa = PBXFileReference; lastKnownFileType = sourcecode.swift; path = PostDetailViewController.swift; sourceTree = "<group>"; };
		F3219FC6271BC2230046C433 /* PostDetail.storyboard */ = {isa = PBXFileReference; lastKnownFileType = file.storyboard; path = PostDetail.storyboard; sourceTree = "<group>"; };
		F3219FC8271BD2610046C433 /* Comment.swift */ = {isa = PBXFileReference; lastKnownFileType = sourcecode.swift; path = Comment.swift; sourceTree = "<group>"; };
		F3219FCA271BD49B0046C433 /* CommentTableViewCell.swift */ = {isa = PBXFileReference; lastKnownFileType = sourcecode.swift; path = CommentTableViewCell.swift; sourceTree = "<group>"; };
		F3219FCB271BD49B0046C433 /* CommentTableViewCell.xib */ = {isa = PBXFileReference; lastKnownFileType = file.xib; path = CommentTableViewCell.xib; sourceTree = "<group>"; };
/* End PBXFileReference section */

/* Begin PBXFrameworksBuildPhase section */
		F318D950271A92AD006FF8DB /* Frameworks */ = {
			isa = PBXFrameworksBuildPhase;
			buildActionMask = 2147483647;
			files = (
			);
			runOnlyForDeploymentPostprocessing = 0;
		};
/* End PBXFrameworksBuildPhase section */

/* Begin PBXGroup section */
		F318D94A271A92AD006FF8DB = {
			isa = PBXGroup;
			children = (
				F318D955271A92AD006FF8DB /* iPost */,
				F318D954271A92AD006FF8DB /* Products */,
			);
			sourceTree = "<group>";
		};
		F318D954271A92AD006FF8DB /* Products */ = {
			isa = PBXGroup;
			children = (
				F318D953271A92AD006FF8DB /* iPost.app */,
			);
			name = Products;
			sourceTree = "<group>";
		};
		F318D955271A92AD006FF8DB /* iPost */ = {
			isa = PBXGroup;
			children = (
				F318D956271A92AD006FF8DB /* AppDelegate.swift */,
				F318D958271A92AD006FF8DB /* SceneDelegate.swift */,
				F318D95A271A92AD006FF8DB /* ViewController.swift */,
				F318D95C271A92AD006FF8DB /* Main.storyboard */,
				F318D95F271A92AE006FF8DB /* Assets.xcassets */,
				F318D961271A92AE006FF8DB /* LaunchScreen.storyboard */,
				F318D964271A92AE006FF8DB /* Info.plist */,
				F318D96A271A93A6006FF8DB /* PostTableViewCell.swift */,
				F318D96B271A93A6006FF8DB /* PostTableViewCell.xib */,
				F318D96E271A97F4006FF8DB /* Post.swift */,
				F318D970271AA842006FF8DB /* User.swift */,
				F3219FC8271BD2610046C433 /* Comment.swift */,
				F3219FC4271BC20C0046C433 /* PostDetailViewController.swift */,
				F3219FC6271BC2230046C433 /* PostDetail.storyboard */,
				F3219FCA271BD49B0046C433 /* CommentTableViewCell.swift */,
				F3219FCB271BD49B0046C433 /* CommentTableViewCell.xib */,
			);
			path = iPost;
			sourceTree = "<group>";
		};
/* End PBXGroup section */

/* Begin PBXNativeTarget section */
		F318D952271A92AD006FF8DB /* iPost */ = {
			isa = PBXNativeTarget;
			buildConfigurationList = F318D967271A92AE006FF8DB /* Build configuration list for PBXNativeTarget "iPost" */;
			buildPhases = (
				F318D94F271A92AD006FF8DB /* Sources */,
				F318D950271A92AD006FF8DB /* Frameworks */,
				F318D951271A92AD006FF8DB /* Resources */,
			);
			buildRules = (
			);
			dependencies = (
			);
			name = iPost;
			productName = iPost;
			productReference = F318D953271A92AD006FF8DB /* iPost.app */;
			productType = "com.apple.product-type.application";
		};
/* End PBXNativeTarget section */

/* Begin PBXProject section */
		F318D94B271A92AD006FF8DB /* Project object */ = {
			isa = PBXProject;
			attributes = {
				BuildIndependentTargetsInParallel = 1;
				LastSwiftUpdateCheck = 1300;
				LastUpgradeCheck = 1300;
				TargetAttributes = {
					F318D952271A92AD006FF8DB = {
						CreatedOnToolsVersion = 13.0;
					};
				};
			};
			buildConfigurationList = F318D94E271A92AD006FF8DB /* Build configuration list for PBXProject "iPost" */;
			compatibilityVersion = "Xcode 13.0";
			developmentRegion = en;
			hasScannedForEncodings = 0;
			knownRegions = (
				en,
				Base,
			);
			mainGroup = F318D94A271A92AD006FF8DB;
			productRefGroup = F318D954271A92AD006FF8DB /* Products */;
			projectDirPath = "";
			projectRoot = "";
			targets = (
				F318D952271A92AD006FF8DB /* iPost */,
			);
		};
/* End PBXProject section */

/* Begin PBXResourcesBuildPhase section */
		F318D951271A92AD006FF8DB /* Resources */ = {
			isa = PBXResourcesBuildPhase;
			buildActionMask = 2147483647;
			files = (
				F318D963271A92AE006FF8DB /* LaunchScreen.storyboard in Resources */,
				F3219FCD271BD49B0046C433 /* CommentTableViewCell.xib in Resources */,
				F318D960271A92AE006FF8DB /* Assets.xcassets in Resources */,
				F318D95E271A92AD006FF8DB /* Main.storyboard in Resources */,
				F318D96D271A93A6006FF8DB /* PostTableViewCell.xib in Resources */,
				F3219FC7271BC2230046C433 /* PostDetail.storyboard in Resources */,
			);
			runOnlyForDeploymentPostprocessing = 0;
		};
/* End PBXResourcesBuildPhase section */

/* Begin PBXSourcesBuildPhase section */
		F318D94F271A92AD006FF8DB /* Sources */ = {
			isa = PBXSourcesBuildPhase;
			buildActionMask = 2147483647;
			files = (
				F318D95B271A92AD006FF8DB /* ViewController.swift in Sources */,
				F3219FC5271BC20C0046C433 /* PostDetailViewController.swift in Sources */,
				F318D957271A92AD006FF8DB /* AppDelegate.swift in Sources */,
				F3219FC9271BD2610046C433 /* Comment.swift in Sources */,
				F3219FCC271BD49B0046C433 /* CommentTableViewCell.swift in Sources */,
				F318D971271AA842006FF8DB /* User.swift in Sources */,
				F318D959271A92AD006FF8DB /* SceneDelegate.swift in Sources */,
				F318D96C271A93A6006FF8DB /* PostTableViewCell.swift in Sources */,
				F318D96F271A97F4006FF8DB /* Post.swift in Sources */,
			);
			runOnlyForDeploymentPostprocessing = 0;
		};
/* End PBXSourcesBuildPhase section */

/* Begin PBXVariantGroup section */
		F318D95C271A92AD006FF8DB /* Main.storyboard */ = {
			isa = PBXVariantGroup;
			children = (
				F318D95D271A92AD006FF8DB /* Base */,
			);
			name = Main.storyboard;
			sourceTree = "<group>";
		};
		F318D961271A92AE006FF8DB /* LaunchScreen.storyboard */ = {
			isa = PBXVariantGroup;
			children = (
				F318D962271A92AE006FF8DB /* Base */,
			);
			name = LaunchScreen.storyboard;
			sourceTree = "<group>";
		};
/* End PBXVariantGroup section */

/* Begin XCBuildConfiguration section */
		F318D965271A92AE006FF8DB /* Debug */ = {
			isa = XCBuildConfiguration;
			buildSettings = {
				ALWAYS_SEARCH_USER_PATHS = NO;
				CLANG_ANALYZER_NONNULL = YES;
				CLANG_ANALYZER_NUMBER_OBJECT_CONVERSION = YES_AGGRESSIVE;
				CLANG_CXX_LANGUAGE_STANDARD = "gnu++17";
				CLANG_CXX_LIBRARY = "libc++";
				CLANG_ENABLE_MODULES = YES;
				CLANG_ENABLE_OBJC_ARC = YES;
				CLANG_ENABLE_OBJC_WEAK = YES;
				CLANG_WARN_BLOCK_CAPTURE_AUTORELEASING = YES;
				CLANG_WARN_BOOL_CONVERSION = YES;
				CLANG_WARN_COMMA = YES;
				CLANG_WARN_CONSTANT_CONVERSION = YES;
				CLANG_WARN_DEPRECATED_OBJC_IMPLEMENTATIONS = YES;
				CLANG_WARN_DIRECT_OBJC_ISA_USAGE = YES_ERROR;
				CLANG_WARN_DOCUMENTATION_COMMENTS = YES;
				CLANG_WARN_EMPTY_BODY = YES;
				CLANG_WARN_ENUM_CONVERSION = YES;
				CLANG_WARN_INFINITE_RECURSION = YES;
				CLANG_WARN_INT_CONVERSION = YES;
				CLANG_WARN_NON_LITERAL_NULL_CONVERSION = YES;
				CLANG_WARN_OBJC_IMPLICIT_RETAIN_SELF = YES;
				CLANG_WARN_OBJC_LITERAL_CONVERSION = YES;
				CLANG_WARN_OBJC_ROOT_CLASS = YES_ERROR;
				CLANG_WARN_QUOTED_INCLUDE_IN_FRAMEWORK_HEADER = YES;
				CLANG_WARN_RANGE_LOOP_ANALYSIS = YES;
				CLANG_WARN_STRICT_PROTOTYPES = YES;
				CLANG_WARN_SUSPICIOUS_MOVE = YES;
				CLANG_WARN_UNGUARDED_AVAILABILITY = YES_AGGRESSIVE;
				CLANG_WARN_UNREACHABLE_CODE = YES;
				CLANG_WARN__DUPLICATE_METHOD_MATCH = YES;
				COPY_PHASE_STRIP = NO;
				DEBUG_INFORMATION_FORMAT = dwarf;
				ENABLE_STRICT_OBJC_MSGSEND = YES;
				ENABLE_TESTABILITY = YES;
				GCC_C_LANGUAGE_STANDARD = gnu11;
				GCC_DYNAMIC_NO_PIC = NO;
				GCC_NO_COMMON_BLOCKS = YES;
				GCC_OPTIMIZATION_LEVEL = 0;
				GCC_PREPROCESSOR_DEFINITIONS = (
					"DEBUG=1",
					"$(inherited)",
				);
				GCC_WARN_64_TO_32_BIT_CONVERSION = YES;
				GCC_WARN_ABOUT_RETURN_TYPE = YES_ERROR;
				GCC_WARN_UNDECLARED_SELECTOR = YES;
				GCC_WARN_UNINITIALIZED_AUTOS = YES_AGGRESSIVE;
				GCC_WARN_UNUSED_FUNCTION = YES;
				GCC_WARN_UNUSED_VARIABLE = YES;
				IPHONEOS_DEPLOYMENT_TARGET = 15.0;
				MTL_ENABLE_DEBUG_INFO = INCLUDE_SOURCE;
				MTL_FAST_MATH = YES;
				ONLY_ACTIVE_ARCH = YES;
				SDKROOT = iphoneos;
				SWIFT_ACTIVE_COMPILATION_CONDITIONS = DEBUG;
				SWIFT_OPTIMIZATION_LEVEL = "-Onone";
			};
			name = Debug;
		};
		F318D966271A92AE006FF8DB /* Release */ = {
			isa = XCBuildConfiguration;
			buildSettings = {
				ALWAYS_SEARCH_USER_PATHS = NO;
				CLANG_ANALYZER_NONNULL = YES;
				CLANG_ANALYZER_NUMBER_OBJECT_CONVERSION = YES_AGGRESSIVE;
				CLANG_CXX_LANGUAGE_STANDARD = "gnu++17";
				CLANG_CXX_LIBRARY = "libc++";
				CLANG_ENABLE_MODULES = YES;
				CLANG_ENABLE_OBJC_ARC = YES;
				CLANG_ENABLE_OBJC_WEAK = YES;
				CLANG_WARN_BLOCK_CAPTURE_AUTORELEASING = YES;
				CLANG_WARN_BOOL_CONVERSION = YES;
				CLANG_WARN_COMMA = YES;
				CLANG_WARN_CONSTANT_CONVERSION = YES;
				CLANG_WARN_DEPRECATED_OBJC_IMPLEMENTATIONS = YES;
				CLANG_WARN_DIRECT_OBJC_ISA_USAGE = YES_ERROR;
				CLANG_WARN_DOCUMENTATION_COMMENTS = YES;
				CLANG_WARN_EMPTY_BODY = YES;
				CLANG_WARN_ENUM_CONVERSION = YES;
				CLANG_WARN_INFINITE_RECURSION = YES;
				CLANG_WARN_INT_CONVERSION = YES;
				CLANG_WARN_NON_LITERAL_NULL_CONVERSION = YES;
				CLANG_WARN_OBJC_IMPLICIT_RETAIN_SELF = YES;
				CLANG_WARN_OBJC_LITERAL_CONVERSION = YES;
				CLANG_WARN_OBJC_ROOT_CLASS = YES_ERROR;
				CLANG_WARN_QUOTED_INCLUDE_IN_FRAMEWORK_HEADER = YES;
				CLANG_WARN_RANGE_LOOP_ANALYSIS = YES;
				CLANG_WARN_STRICT_PROTOTYPES = YES;
				CLANG_WARN_SUSPICIOUS_MOVE = YES;
				CLANG_WARN_UNGUARDED_AVAILABILITY = YES_AGGRESSIVE;
				CLANG_WARN_UNREACHABLE_CODE = YES;
				CLANG_WARN__DUPLICATE_METHOD_MATCH = YES;
				COPY_PHASE_STRIP = NO;
				DEBUG_INFORMATION_FORMAT = "dwarf-with-dsym";
				ENABLE_NS_ASSERTIONS = NO;
				ENABLE_STRICT_OBJC_MSGSEND = YES;
				GCC_C_LANGUAGE_STANDARD = gnu11;
				GCC_NO_COMMON_BLOCKS = YES;
				GCC_WARN_64_TO_32_BIT_CONVERSION = YES;
				GCC_WARN_ABOUT_RETURN_TYPE = YES_ERROR;
				GCC_WARN_UNDECLARED_SELECTOR = YES;
				GCC_WARN_UNINITIALIZED_AUTOS = YES_AGGRESSIVE;
				GCC_WARN_UNUSED_FUNCTION = YES;
				GCC_WARN_UNUSED_VARIABLE = YES;
				IPHONEOS_DEPLOYMENT_TARGET = 15.0;
				MTL_ENABLE_DEBUG_INFO = NO;
				MTL_FAST_MATH = YES;
				SDKROOT = iphoneos;
				SWIFT_COMPILATION_MODE = wholemodule;
				SWIFT_OPTIMIZATION_LEVEL = "-O";
				VALIDATE_PRODUCT = YES;
			};
			name = Release;
		};
		F318D968271A92AE006FF8DB /* Debug */ = {
			isa = XCBuildConfiguration;
			buildSettings = {
				ASSETCATALOG_COMPILER_APPICON_NAME = AppIcon;
				ASSETCATALOG_COMPILER_GLOBAL_ACCENT_COLOR_NAME = AccentColor;
				CODE_SIGN_STYLE = Automatic;
				CURRENT_PROJECT_VERSION = 1;
				DEVELOPMENT_TEAM = AM9KG4TB3A;
				GENERATE_INFOPLIST_FILE = YES;
				INFOPLIST_FILE = iPost/Info.plist;
				INFOPLIST_KEY_UIApplicationSupportsIndirectInputEvents = YES;
				INFOPLIST_KEY_UILaunchStoryboardName = LaunchScreen;
				INFOPLIST_KEY_UIMainStoryboardFile = Main;
				INFOPLIST_KEY_UISupportedInterfaceOrientations = UIInterfaceOrientationPortrait;
				INFOPLIST_KEY_UISupportedInterfaceOrientations_iPad = "UIInterfaceOrientationPortrait UIInterfaceOrientationPortraitUpsideDown UIInterfaceOrientationLandscapeLeft UIInterfaceOrientationLandscapeRight";
				INFOPLIST_KEY_UISupportedInterfaceOrientations_iPhone = "UIInterfaceOrientationPortrait UIInterfaceOrientationLandscapeLeft UIInterfaceOrientationLandscapeRight";
				LD_RUNPATH_SEARCH_PATHS = (
					"$(inherited)",
					"@executable_path/Frameworks",
				);
				MARKETING_VERSION = 1.0;
				PRODUCT_BUNDLE_IDENTIFIER = com.adisurya.iPost;
				PRODUCT_NAME = "$(TARGET_NAME)";
				SWIFT_EMIT_LOC_STRINGS = YES;
				SWIFT_VERSION = 5.0;
				TARGETED_DEVICE_FAMILY = 1;
			};
			name = Debug;
		};
		F318D969271A92AE006FF8DB /* Release */ = {
			isa = XCBuildConfiguration;
			buildSettings = {
				ASSETCATALOG_COMPILER_APPICON_NAME = AppIcon;
				ASSETCATALOG_COMPILER_GLOBAL_ACCENT_COLOR_NAME = AccentColor;
				CODE_SIGN_STYLE = Automatic;
				CURRENT_PROJECT_VERSION = 1;
				DEVELOPMENT_TEAM = AM9KG4TB3A;
				GENERATE_INFOPLIST_FILE = YES;
				INFOPLIST_FILE = iPost/Info.plist;
				INFOPLIST_KEY_UIApplicationSupportsIndirectInputEvents = YES;
				INFOPLIST_KEY_UILaunchStoryboardName = LaunchScreen;
				INFOPLIST_KEY_UIMainStoryboardFile = Main;
				INFOPLIST_KEY_UISupportedInterfaceOrientations = UIInterfaceOrientationPortrait;
				INFOPLIST_KEY_UISupportedInterfaceOrientations_iPad = "UIInterfaceOrientationPortrait UIInterfaceOrientationPortraitUpsideDown UIInterfaceOrientationLandscapeLeft UIInterfaceOrientationLandscapeRight";
				INFOPLIST_KEY_UISupportedInterfaceOrientations_iPhone = "UIInterfaceOrientationPortrait UIInterfaceOrientationLandscapeLeft UIInterfaceOrientationLandscapeRight";
				LD_RUNPATH_SEARCH_PATHS = (
					"$(inherited)",
					"@executable_path/Frameworks",
				);
				MARKETING_VERSION = 1.0;
				PRODUCT_BUNDLE_IDENTIFIER = com.adisurya.iPost;
				PRODUCT_NAME = "$(TARGET_NAME)";
				SWIFT_EMIT_LOC_STRINGS = YES;
				SWIFT_VERSION = 5.0;
				TARGETED_DEVICE_FAMILY = 1;
			};
			name = Release;
		};
/* End XCBuildConfiguration section */

/* Begin XCConfigurationList section */
		F318D94E271A92AD006FF8DB /* Build configuration list for PBXProject "iPost" */ = {
			isa = XCConfigurationList;
			buildConfigurations = (
				F318D965271A92AE006FF8DB /* Debug */,
				F318D966271A92AE006FF8DB /* Release */,
			);
			defaultConfigurationIsVisible = 0;
			defaultConfigurationName = Release;
		};
		F318D967271A92AE006FF8DB /* Build configuration list for PBXNativeTarget "iPost" */ = {
			isa = XCConfigurationList;
			buildConfigurations = (
				F318D968271A92AE006FF8DB /* Debug */,
				F318D969271A92AE006FF8DB /* Release */,
			);
			defaultConfigurationIsVisible = 0;
			defaultConfigurationName = Release;
		};
/* End XCConfigurationList section */
	};
	rootObject = F318D94B271A92AD006FF8DB /* Project object */;
}
